
Microsoft Visual Studio Solution File, Format Version 12.00
# Visual Studio Version 16
VisualStudioVersion = 16.0.32106.194
MinimumVisualStudioVersion = 10.0.40219.1
Project("{FAE04EC0-301F-11D3-BF4B-00C04F79EFBC}") = "BlockchainAnalysis", "BlockchainAnalysis.csproj", "{E965FB5A-3317-419B-99B9-68FCE7365085}"
EndProject
Global
	GlobalSection(SolutionConfigurationPlatforms) = preSolution
		Debug|Any CPU = Debug|Any CPU
		Release|Any CPU = Release|Any CPU
	EndGlobalSection
	GlobalSection(ProjectConfigurationPlatforms) = postSolution
		{E965FB5A-3317-419B-99B9-68FCE7365085}.Debug|Any CPU.ActiveCfg = Debug|Any CPU
		{E965FB5A-3317-419B-99B9-68FCE7365085}.Debug|Any CPU.Build.0 = Debug|Any CPU
		{E965FB5A-3317-419B-99B9-68FCE7365085}.Release|Any CPU.ActiveCfg = Release|Any CPU
		{E965FB5A-3317-419B-99B9-68FCE7365085}.Release|Any CPU.Build.0 = Release|Any CPU
	EndGlobalSection
	GlobalSection(SolutionProperties) = preSolution
		HideSolutionNode = FALSE
	EndGlobalSection
	GlobalSection(ExtensibilityGlobals) = postSolution
		SolutionGuid = {BC322F10-37AA-4BA8-8C46-0F20712AC222}
	EndGlobalSection
EndGlobal
